
Microsoft Visual Studio Solution File, Format Version 12.00
# Visual Studio Version 17
VisualStudioVersion = 17.0.31919.166
MinimumVisualStudioVersion = 10.0.40219.1
Project("{FAE04EC0-301F-11D3-BF4B-00C04F79EFBC}") = "WPF_2", "WPF_2\WPF_2.csproj", "{5FE5EA45-890B-471E-81B4-BCDC6A316EFE}"
EndProject
Global
	GlobalSection(SolutionConfigurationPlatforms) = preSolution
		Debug|Any CPU = Debug|Any CPU
		Release|Any CPU = Release|Any CPU
	EndGlobalSection
	GlobalSection(ProjectConfigurationPlatforms) = postSolution
		{5FE5EA45-890B-471E-81B4-BCDC6A316EFE}.Debug|Any CPU.ActiveCfg = Debug|Any CPU
		{5FE5EA45-890B-471E-81B4-BCDC6A316EFE}.Debug|Any CPU.Build.0 = Debug|Any CPU
		{5FE5EA45-890B-471E-81B4-BCDC6A316EFE}.Release|Any CPU.ActiveCfg = Release|Any CPU
		{5FE5EA45-890B-471E-81B4-BCDC6A316EFE}.Release|Any CPU.Build.0 = Release|Any CPU
	EndGlobalSection
	GlobalSection(SolutionProperties) = preSolution
		HideSolutionNode = FALSE
	EndGlobalSection
	GlobalSection(ExtensibilityGlobals) = postSolution
		SolutionGuid = {F734BAC0-A94B-4ADC-9438-36F9A5D31E2C}
	EndGlobalSection
EndGlobal
